
Microsoft Visual Studio Solution File, Format Version 12.00
# Visual Studio 15
VisualStudioVersion = 15.0.27004.2009
MinimumVisualStudioVersion = 10.0.40219.1
Project("{FAE04EC0-301F-11D3-BF4B-00C04F79EFBC}") = "RedisDemo", "RedisDemo\RedisDemo.csproj", "{D2933B15-A334-4826-B4F1-57DFC15E66BE}"
EndProject
Global
	GlobalSection(SolutionConfigurationPlatforms) = preSolution
		Debug|Any CPU = Debug|Any CPU
		Release|Any CPU = Release|Any CPU
	EndGlobalSection
	GlobalSection(ProjectConfigurationPlatforms) = postSolution
		{D2933B15-A334-4826-B4F1-57DFC15E66BE}.Debug|Any CPU.ActiveCfg = Debug|Any CPU
		{D2933B15-A334-4826-B4F1-57DFC15E66BE}.Debug|Any CPU.Build.0 = Debug|Any CPU
		{D2933B15-A334-4826-B4F1-57DFC15E66BE}.Release|Any CPU.ActiveCfg = Release|Any CPU
		{D2933B15-A334-4826-B4F1-57DFC15E66BE}.Release|Any CPU.Build.0 = Release|Any CPU
	EndGlobalSection
	GlobalSection(SolutionProperties) = preSolution
		HideSolutionNode = FALSE
	EndGlobalSection
	GlobalSection(ExtensibilityGlobals) = postSolution
		SolutionGuid = {007CA7AB-D9AA-4281-A7EC-1F698383D1A4}
	EndGlobalSection
EndGlobal
